# This file is autogenerated, do not edit; changes may be undone by the next 'dep ensure'.


[[projects]]
  digest = "1:b1c7e46490296222768c7b8fd110a404ea4c0caf20dca5ea1334b63c7c90f61a"
  name = "flamingo.me/dingo"
  packages = ["."]
  pruneopts = ""
  revision = "b9af1d57ada670f6118e82c3d73a695370727a42"
  version = "v0.1.0"

[[projects]]
  branch = "master"
  digest = "1:206244ec0052ddb8b71442b2b2c09b336111b34a37d2a71c5ba048f7e301c6cf"
  name = "flamingo.me/flamingo"
  packages = [
    "core/auth/application",
    "core/auth/domain",
    "core/canonicalUrl/application",
    "core/form/application",
    "core/form/domain",
    "core/pugtemplate/pugjs",
    "core/pugtemplate/pugjs/parse",
    "framework/config",
    "framework/dingo",
    "framework/event",
    "framework/flamingo",
    "framework/opencensus",
    "framework/router",
    "framework/session",
    "framework/template",
    "framework/web",
    "framework/web/responder",
    "framework/web/responder/mocks",
  ]
  pruneopts = ""
  revision = "bc69fa3b7f9af12085207cd2bd5fbbf177b0956f"

[[projects]]
  branch = "master"
  digest = "1:0828d8c0f95689f832cf348fe23827feb7640cd698d612ef59e2f9d041f54c68"
  name = "git.apache.org/thrift.git"
  packages = ["lib/go/thrift"]
  pruneopts = ""
  revision = "f2867c24984aa53edec54a138c03db934221bdea"
  source = "github.com/apache/thrift"

[[projects]]
  branch = "master"
  digest = "1:c0bec5f9b98d0bc872ff5e834fac186b807b656683bd29cb82fb207a1513fabb"
  name = "github.com/beorn7/perks"
  packages = ["quantile"]
  pruneopts = ""
  revision = "3a771d992973f24aa725d07868b467d1ddfceafb"

[[projects]]
  digest = "1:d55006554e83099f43c7769b5054109058a7c5417ed33645043663a831c287a4"
  name = "github.com/boj/redistore"
  packages = ["."]
  pruneopts = ""
  revision = "fc113767cd6b051980f260d6dbe84b2740c46ab0"
  version = "v1.2"

[[projects]]
  digest = "1:d8ee1b165eb7f4fd9ada718e1e7eeb0bc1fd462592d0bd823df694443f448681"
  name = "github.com/coreos/go-oidc"
  packages = ["."]
  pruneopts = ""
  revision = "1180514eaf4d9f38d0d19eef639a1d695e066e72"
  version = "v2.0.0"

[[projects]]
  digest = "1:56c130d885a4aacae1dd9c7b71cfe39912c7ebc1ff7d2b46083c8812996dc43b"
  name = "github.com/davecgh/go-spew"
  packages = ["spew"]
  pruneopts = ""
  revision = "346938d642f2ec3594ed81d874461961cd0faa76"
  version = "v1.1.0"

[[projects]]
  branch = "master"
  digest = "1:c3cb8e3496074bf898a35c1d0a99ac97be52ca567ef0b3d638208a1a88371118"
  name = "github.com/etgryphon/stringUp"
  packages = ["."]
  pruneopts = ""
  revision = "31534ccd8cac1d3d205c906ea5722928b045ed8c"

[[projects]]
  digest = "1:9525d0e79ccf382e32edeef466b9a91f16eb0eebdca5971a03fad1bb3be9cd89"
  name = "github.com/garyburd/redigo"
  packages = [
    "internal",
    "redis",
  ]
  pruneopts = ""
  revision = "a69d19351219b6dd56f274f96d85a7014a2ec34e"
  version = "v1.6.0"

[[projects]]
  branch = "master"
  digest = "1:d89455633d39bf067ff207b98be56d261f28c8ab957ca037cca176ac82c6f977"
  name = "github.com/ghodss/yaml"
  packages = ["."]
  pruneopts = ""
  revision = "e9ed3c6dfb39bb1a32197cb10d527906fe4da4b6"

[[projects]]
  digest = "1:4e2feb69ce9588ee0b264339d91731fc9e81078c6edf67f95ccd3942bc0e0b67"
  name = "github.com/go-playground/form"
  packages = ["."]
  pruneopts = ""
  revision = "572fa772c66ec5e3606a1a548406e10fb62de317"
  version = "v3.1.3"

[[projects]]
  digest = "1:709292c015123a3bc69ea970dc9abd6667170e7fbf5cdeb10c6d14b250d3385f"
  name = "github.com/go-playground/locales"
  packages = [
    ".",
    "currency",
  ]
  pruneopts = ""
  revision = "f63010822830b6fe52288ee52d5a1151088ce039"
  version = "v0.12.1"

[[projects]]
  digest = "1:7ca0f6f2a364f603e843763d35c979b595d71159982791de27f9ec40d532876b"
  name = "github.com/go-playground/universal-translator"
  packages = ["."]
  pruneopts = ""
  revision = "b32fa301c9fe55953584134cb6853a13c87ec0a1"
  version = "v0.16.0"

[[projects]]
  digest = "1:f958a1c137db276e52f0b50efee41a1a389dcdded59a69711f3e872757dab34b"
  name = "github.com/golang/protobuf"
  packages = ["proto"]
  pruneopts = ""
  revision = "b4deda0973fb4c70b50d226b1af49f3da59f5265"
  version = "v1.1.0"

[[projects]]
  digest = "1:dbbeb8ddb0be949954c8157ee8439c2adfd8dc1c9510eb44a6e58cb68c3dce28"
  name = "github.com/gorilla/context"
  packages = ["."]
  pruneopts = ""
  revision = "08b5f424b9271eedf6f9f0ce86cb9396ed337a42"
  version = "v1.1.1"

[[projects]]
  digest = "1:51a1d17ba9fe6648d9fdd5b822baa616d6ec7f28c8669c2091126d206796b5ae"
  name = "github.com/gorilla/securecookie"
  packages = ["."]
  pruneopts = ""
  revision = "e59506cc896acb7f7bf732d4fdf5e25f7ccd8983"
  version = "v1.1.1"

[[projects]]
  digest = "1:73a5fcb45a8eb1b1195fa8c1c18a7c7a874ec8f507cd7b39026ab255855b6506"
  name = "github.com/gorilla/sessions"
  packages = ["."]
  pruneopts = ""
  revision = "03b6f63cc43ef9c7240a635a5e22b13180e822b8"
  version = "v1.1.1"

[[projects]]
  digest = "1:870d441fe217b8e689d7949fef6e43efbc787e50f200cb1e70dbca9204a1d6be"
  name = "github.com/inconshreveable/mousetrap"
  packages = ["."]
  pruneopts = ""
  revision = "76626ae9c91c4f2a10f34cad8ce83ea42c93bb75"
  version = "v1.0"

[[projects]]
  digest = "1:bd7d1c15405569263cd71415196e666e07bbed212b6cec20d080d592d3030968"
  name = "github.com/leebenson/conform"
  packages = ["."]
  pruneopts = ""
  revision = "bdfc728cafe576ce87010707d3ed365c75e854cd"
  version = "1.2.0"

[[projects]]
  digest = "1:63722a4b1e1717be7b98fc686e0b30d5e7f734b9e93d7dee86293b6deab7ea28"
  name = "github.com/matttproud/golang_protobuf_extensions"
  packages = ["pbutil"]
  pruneopts = ""
  revision = "c12348ce28de40eed0136aa2b644d0ee0650e56c"
  version = "v1.0.1"

[[projects]]
  digest = "1:7365acd48986e205ccb8652cc746f09c8b7876030d53710ea6ef7d0bd0dcd7ca"
  name = "github.com/pkg/errors"
  packages = ["."]
  pruneopts = ""
  revision = "645ef00459ed84a119197bfb8d8205042c6df63d"
  version = "v0.8.0"

[[projects]]
  digest = "1:256484dbbcd271f9ecebc6795b2df8cad4c458dd0f5fd82a8c2fa0c29f233411"
  name = "github.com/pmezard/go-difflib"
  packages = ["difflib"]
  pruneopts = ""
  revision = "792786c7400a136282c1664665ae0a8db921c6c2"
  version = "v1.0.0"

[[projects]]
  branch = "master"
  digest = "1:de5481dda0c081b66450e391bbb1a5c4435b13e3c0bbf0133ba1a5baeda7b7af"
  name = "github.com/pquerna/cachecontrol"
  packages = [
    ".",
    "cacheobject",
  ]
  pruneopts = ""
  revision = "1555304b9b35fdd2b425bccf1a5613677705e7d0"

[[projects]]
  digest = "1:4142d94383572e74b42352273652c62afec5b23f325222ed09198f46009022d1"
  name = "github.com/prometheus/client_golang"
  packages = [
    "prometheus",
    "prometheus/promhttp",
  ]
  pruneopts = ""
  revision = "c5b7fccd204277076155f10851dad72b76a49317"
  version = "v0.8.0"

[[projects]]
  branch = "master"
  digest = "1:185cf55b1f44a1bf243558901c3f06efa5c64ba62cfdcbb1bf7bbe8c3fb68561"
  name = "github.com/prometheus/client_model"
  packages = ["go"]
  pruneopts = ""
  revision = "5c3871d89910bfb32f5fcab2aa4b9ec68e65a99f"

[[projects]]
  branch = "master"
  digest = "1:bfbc121ef802d245ef67421cff206615357d9202337a3d492b8f668906b485a8"
  name = "github.com/prometheus/common"
  packages = [
    "expfmt",
    "internal/bitbucket.org/ww/goautoneg",
    "model",
  ]
  pruneopts = ""
  revision = "7600349dcfe1abd18d72d3a1770870d9800a7801"

[[projects]]
  branch = "master"
  digest = "1:e04aaa0e8f8da0ed3d6c0700bd77eda52a47f38510063209d72d62f0ef807d5e"
  name = "github.com/prometheus/procfs"
  packages = [
    ".",
    "internal/util",
    "nfs",
    "xfs",
  ]
  pruneopts = ""
  revision = "05ee40e3a273f7245e8777337fc7b46e533a9a92"

[[projects]]
  branch = "master"
  digest = "1:40d34a52e7b8ca0c98306ced789f756c22f981610350f348dff86e6155979710"
  name = "github.com/robertkrimen/otto"
  packages = [
    "ast",
    "dbg",
    "file",
    "parser",
    "token",
  ]
  pruneopts = ""
  revision = "83d297c4b64aeb2de4268d9a54c9a503ae2d8139"
  source = "https://github.com/thebod/otto.git"

[[projects]]
  digest = "1:a1403cc8a94b8d7956ee5e9694badef0e7b051af289caad1cf668331e3ffa4f6"
  name = "github.com/spf13/cobra"
  packages = ["."]
  pruneopts = ""
  revision = "ef82de70bb3f60c65fb8eebacbb2d122ef517385"
  version = "v0.0.3"

[[projects]]
  digest = "1:8e243c568f36b09031ec18dff5f7d2769dcf5ca4d624ea511c8e3197dc3d352d"
  name = "github.com/spf13/pflag"
  packages = ["."]
  pruneopts = ""
  revision = "583c0c0531f06d5278b7d917446061adc344b5cd"
  version = "v1.0.1"

[[projects]]
  digest = "1:711eebe744c0151a9d09af2315f0bb729b2ec7637ef4c410fa90a18ef74b65b6"
  name = "github.com/stretchr/objx"
  packages = ["."]
  pruneopts = ""
  revision = "477a77ecc69700c7cdeb1fa9e129548e1c1c393c"
  version = "v0.1.1"

[[projects]]
  digest = "1:c587772fb8ad29ad4db67575dad25ba17a51f072ff18a22b4f0257a4d9c24f75"
  name = "github.com/stretchr/testify"
  packages = [
    "assert",
    "mock",
  ]
  pruneopts = ""
  revision = "f35b8ab0b5a2cef36673838d662e249dd9c94686"
  version = "v1.2.2"

[[projects]]
  branch = "master"
  digest = "1:a849c01eb2ea7d6d2a34ba8f3a9cdd8306df268697e7a4ece1102c919e2ed4a0"
  name = "github.com/zemirco/memorystore"
  packages = ["."]
  pruneopts = ""
  revision = "ecd57e5134f622ea7ebd8ae93ea00b4fe94741a5"

[[projects]]
  digest = "1:7b44496cb27d1ca13a887104dd15a86a81aec55dc9e05e27c88675968ab9648b"
  name = "go.opencensus.io"
  packages = [
    ".",
    "exporter/jaeger",
    "exporter/jaeger/internal/gen-go/jaeger",
    "exporter/prometheus",
    "internal",
    "internal/tagencoding",
    "plugin/ochttp",
    "plugin/ochttp/propagation/b3",
    "stats",
    "stats/internal",
    "stats/view",
    "tag",
    "trace",
    "trace/internal",
    "trace/propagation",
  ]
  pruneopts = ""
  revision = "71e2e3e3082a525f158c187a70a4dbb59aa522b9"

[[projects]]
  branch = "master"
  digest = "1:0773b5c3be42874166670a20aa177872edb450cd9fc70b1df97303d977702a50"
  name = "golang.org/x/crypto"
  packages = [
    "ed25519",
    "ed25519/internal/edwards25519",
  ]
  pruneopts = ""
  revision = "a2144134853fc9a27a7b1e3eb4f19f1a76df13c9"

[[projects]]
  branch = "master"
  digest = "1:00ff990baae4665bb0a8174af5ff78228574227ed96c89671247a56852a50e21"
  name = "golang.org/x/net"
  packages = [
    "context",
    "context/ctxhttp",
  ]
  pruneopts = ""
  revision = "a680a1efc54dd51c040b3b5ce4939ea3cf2ea0d1"

[[projects]]
  branch = "claims-request-parameter-squashed"
  digest = "1:10e8959b7cdce859a8598371d4e19a1bad6cfc41f9d97e5c301853206ab83b9e"
  name = "golang.org/x/oauth2"
  packages = [
    ".",
    "internal",
  ]
  pruneopts = ""
  revision = "5641e2160a306ced3c502eb34e0ebac405b48352"
  source = "https://github.com/ompluscator/oauth2"

[[projects]]
  branch = "master"
  digest = "1:b2ea75de0ccb2db2ac79356407f8a4cd8f798fe15d41b381c00abf3ae8e55ed1"
  name = "golang.org/x/sync"
  packages = ["semaphore"]
  pruneopts = ""
  revision = "1d60e4601c6fd243af51cc01ddf169918a5407ca"

[[projects]]
  branch = "master"
  digest = "1:a1bff988ded4383611a51956b344ef9197afe974b614e36c4951b7fa8b26b1e2"
  name = "google.golang.org/api"
  packages = ["support/bundler"]
  pruneopts = ""
  revision = "082d5fa4f1f046d7c35245229282ed6f488892c0"

[[projects]]
  digest = "1:c1771ca6060335f9768dff6558108bc5ef6c58506821ad43377ee23ff059e472"
  name = "google.golang.org/appengine"
  packages = [
    "internal",
    "internal/base",
    "internal/datastore",
    "internal/log",
    "internal/remote_api",
    "internal/urlfetch",
    "urlfetch",
  ]
  pruneopts = ""
  revision = "b1f26356af11148e710935ed1ac8a7f5702c7612"
  version = "v1.1.0"

[[projects]]
  digest = "1:9d556ac00a9410814ee329851fded1a38f08db35e20e832778c96241de558fb7"
  name = "gopkg.in/go-playground/validator.v9"
  packages = ["."]
  pruneopts = ""
  revision = "ab2a8a99087e827c9af87ed6777ba897348fb178"
  version = "v9.20.2"

[[projects]]
  digest = "1:be5b8bdf182abbef3c4e0d0926bba912ef41b097f001259cb5d2187370bb2e5b"
  name = "gopkg.in/sourcemap.v1"
  packages = [
    ".",
    "base64vlq",
  ]
  pruneopts = ""
  revision = "6e83acea0053641eff084973fee085f0c193c61a"
  version = "v1.0.5"

[[projects]]
  digest = "1:de0ec5755ee1a5e61f079c8855cf2073b5a5f614ae3b51db65f2c4e1044455fd"
  name = "gopkg.in/square/go-jose.v2"
  packages = [
    ".",
    "cipher",
    "json",
  ]
  pruneopts = ""
  revision = "76dd09796242edb5b897103a75df2645c028c960"
  version = "v2.1.6"

[[projects]]
  digest = "1:f0620375dd1f6251d9973b5f2596228cc8042e887cd7f827e4220bc1ce8c30e2"
  name = "gopkg.in/yaml.v2"
  packages = ["."]
  pruneopts = ""
  revision = "5420a8b6744d3b0345ab293f6fcba19c978f1183"
  version = "v2.2.1"

[solve-meta]
  analyzer-name = "dep"
  analyzer-version = 1
  input-imports = [
    "flamingo.me/flamingo/core/auth/application",
    "flamingo.me/flamingo/core/auth/domain",
    "flamingo.me/flamingo/core/canonicalUrl/application",
    "flamingo.me/flamingo/core/form/application",
    "flamingo.me/flamingo/core/form/domain",
    "flamingo.me/flamingo/core/pugtemplate/pugjs",
    "flamingo.me/flamingo/framework/config",
    "flamingo.me/flamingo/framework/dingo",
    "flamingo.me/flamingo/framework/event",
    "flamingo.me/flamingo/framework/flamingo",
    "flamingo.me/flamingo/framework/opencensus",
    "flamingo.me/flamingo/framework/router",
    "flamingo.me/flamingo/framework/session",
    "flamingo.me/flamingo/framework/template",
    "flamingo.me/flamingo/framework/web",
    "flamingo.me/flamingo/framework/web/responder",
    "flamingo.me/flamingo/framework/web/responder/mocks",
    "github.com/coreos/go-oidc",
    "github.com/go-playground/form",
    "github.com/gorilla/sessions",
    "github.com/leebenson/conform",
    "github.com/pkg/errors",
    "github.com/stretchr/testify/assert",
    "go.opencensus.io/stats",
    "go.opencensus.io/stats/view",
    "go.opencensus.io/tag",
    "golang.org/x/oauth2",
    "gopkg.in/go-playground/validator.v9",
  ]
  solver-name = "gps-cdcl"
  solver-version = 1
